
Microsoft Visual Studio Solution File, Format Version 12.00
# Visual Studio Version 16
VisualStudioVersion = 16.0.30114.105
MinimumVisualStudioVersion = 10.0.40219.1
Project("{FAE04EC0-301F-11D3-BF4B-00C04F79EFBC}") = "DataAccessExample", "DataAccessExample\DataAccessExample.csproj", "{5F2AEE93-88DF-4AFC-A65C-9D5B38C74CDA}"
EndProject
Project("{FAE04EC0-301F-11D3-BF4B-00C04F79EFBC}") = "DataAccessExampleCore", "DataAccessExampleCore\DataAccessExampleCore.csproj", "{E0BE36E8-C234-44B1-9B06-21BACB7A32CA}"
EndProject
Project("{FAE04EC0-301F-11D3-BF4B-00C04F79EFBC}") = "DataAccessExampleEntityFramework", "DataAccessExampleEntityFramework\DataAccessExampleEntityFramework.csproj", "{18CFCA0E-F840-41D4-BC4E-BB22BFAF4F20}"
EndProject
Project("{FAE04EC0-301F-11D3-BF4B-00C04F79EFBC}") = "DataAcsessExample.WebApi", "DataAccessExample.WebApi\DataAcsessExample.WebApi.csproj", "{F1FDAD6C-B211-40B3-AD80-B5E52DEBE6D9}"
EndProject
Global
	GlobalSection(SolutionConfigurationPlatforms) = preSolution
		Debug|Any CPU = Debug|Any CPU
		Release|Any CPU = Release|Any CPU
	EndGlobalSection
	GlobalSection(SolutionProperties) = preSolution
		HideSolutionNode = FALSE
	EndGlobalSection
	GlobalSection(ProjectConfigurationPlatforms) = postSolution
		{5F2AEE93-88DF-4AFC-A65C-9D5B38C74CDA}.Debug|Any CPU.ActiveCfg = Debug|Any CPU
		{5F2AEE93-88DF-4AFC-A65C-9D5B38C74CDA}.Debug|Any CPU.Build.0 = Debug|Any CPU
		{5F2AEE93-88DF-4AFC-A65C-9D5B38C74CDA}.Release|Any CPU.ActiveCfg = Release|Any CPU
		{5F2AEE93-88DF-4AFC-A65C-9D5B38C74CDA}.Release|Any CPU.Build.0 = Release|Any CPU
		{E0BE36E8-C234-44B1-9B06-21BACB7A32CA}.Debug|Any CPU.ActiveCfg = Debug|Any CPU
		{E0BE36E8-C234-44B1-9B06-21BACB7A32CA}.Debug|Any CPU.Build.0 = Debug|Any CPU
		{E0BE36E8-C234-44B1-9B06-21BACB7A32CA}.Release|Any CPU.ActiveCfg = Release|Any CPU
		{E0BE36E8-C234-44B1-9B06-21BACB7A32CA}.Release|Any CPU.Build.0 = Release|Any CPU
		{18CFCA0E-F840-41D4-BC4E-BB22BFAF4F20}.Debug|Any CPU.ActiveCfg = Debug|Any CPU
		{18CFCA0E-F840-41D4-BC4E-BB22BFAF4F20}.Debug|Any CPU.Build.0 = Debug|Any CPU
		{18CFCA0E-F840-41D4-BC4E-BB22BFAF4F20}.Release|Any CPU.ActiveCfg = Release|Any CPU
		{18CFCA0E-F840-41D4-BC4E-BB22BFAF4F20}.Release|Any CPU.Build.0 = Release|Any CPU
		{F1FDAD6C-B211-40B3-AD80-B5E52DEBE6D9}.Debug|Any CPU.ActiveCfg = Debug|Any CPU
		{F1FDAD6C-B211-40B3-AD80-B5E52DEBE6D9}.Debug|Any CPU.Build.0 = Debug|Any CPU
		{F1FDAD6C-B211-40B3-AD80-B5E52DEBE6D9}.Release|Any CPU.ActiveCfg = Release|Any CPU
		{F1FDAD6C-B211-40B3-AD80-B5E52DEBE6D9}.Release|Any CPU.Build.0 = Release|Any CPU
	EndGlobalSection
EndGlobal
