
Microsoft Visual Studio Solution File, Format Version 12.00
# Visual Studio Version 17
VisualStudioVersion = 17.0.31912.275
MinimumVisualStudioVersion = 10.0.40219.1
Project("{FAE04EC0-301F-11D3-BF4B-00C04F79EFBC}") = "ConsoleApp2", "ConsoleApp2\ConsoleApp2.csproj", "{5F0C9406-FA12-458E-99E0-DF2FE7655FA6}"
EndProject
Project("{FAE04EC0-301F-11D3-BF4B-00C04F79EFBC}") = "ClassLibrary1", "ClassLibrary1\ClassLibrary1.csproj", "{A3D07956-DBA0-4556-9181-7B3645549E26}"
EndProject
Global
	GlobalSection(SolutionConfigurationPlatforms) = preSolution
		Debug|Any CPU = Debug|Any CPU
		Release|Any CPU = Release|Any CPU
	EndGlobalSection
	GlobalSection(ProjectConfigurationPlatforms) = postSolution
		{5F0C9406-FA12-458E-99E0-DF2FE7655FA6}.Debug|Any CPU.ActiveCfg = Debug|Any CPU
		{5F0C9406-FA12-458E-99E0-DF2FE7655FA6}.Debug|Any CPU.Build.0 = Debug|Any CPU
		{5F0C9406-FA12-458E-99E0-DF2FE7655FA6}.Release|Any CPU.ActiveCfg = Release|Any CPU
		{5F0C9406-FA12-458E-99E0-DF2FE7655FA6}.Release|Any CPU.Build.0 = Release|Any CPU
		{A3D07956-DBA0-4556-9181-7B3645549E26}.Debug|Any CPU.ActiveCfg = Debug|Any CPU
		{A3D07956-DBA0-4556-9181-7B3645549E26}.Debug|Any CPU.Build.0 = Debug|Any CPU
		{A3D07956-DBA0-4556-9181-7B3645549E26}.Release|Any CPU.ActiveCfg = Release|Any CPU
		{A3D07956-DBA0-4556-9181-7B3645549E26}.Release|Any CPU.Build.0 = Release|Any CPU
	EndGlobalSection
	GlobalSection(SolutionProperties) = preSolution
		HideSolutionNode = FALSE
	EndGlobalSection
	GlobalSection(ExtensibilityGlobals) = postSolution
		SolutionGuid = {153EB2D3-D0D8-4436-BADB-417841E7A37F}
	EndGlobalSection
EndGlobal
