
Microsoft Visual Studio Solution File, Format Version 12.00
# Visual Studio Version 17
VisualStudioVersion = 17.0.31912.275
MinimumVisualStudioVersion = 10.0.40219.1
Project("{FAE04EC0-301F-11D3-BF4B-00C04F79EFBC}") = "DataTypes", "DataTypes\DataTypes.csproj", "{34FCBEC8-7DF6-43E7-883D-19394C7662F5}"
EndProject
Project("{FAE04EC0-301F-11D3-BF4B-00C04F79EFBC}") = "DataTypes Web", "DataTypes Web\DataTypes Web.csproj", "{B0E576D6-4BC4-447E-8B2F-D2C8222E14C3}"
EndProject
Global
	GlobalSection(SolutionConfigurationPlatforms) = preSolution
		Debug|Any CPU = Debug|Any CPU
		Release|Any CPU = Release|Any CPU
	EndGlobalSection
	GlobalSection(ProjectConfigurationPlatforms) = postSolution
		{34FCBEC8-7DF6-43E7-883D-19394C7662F5}.Debug|Any CPU.ActiveCfg = Debug|Any CPU
		{34FCBEC8-7DF6-43E7-883D-19394C7662F5}.Debug|Any CPU.Build.0 = Debug|Any CPU
		{34FCBEC8-7DF6-43E7-883D-19394C7662F5}.Release|Any CPU.ActiveCfg = Release|Any CPU
		{34FCBEC8-7DF6-43E7-883D-19394C7662F5}.Release|Any CPU.Build.0 = Release|Any CPU
		{B0E576D6-4BC4-447E-8B2F-D2C8222E14C3}.Debug|Any CPU.ActiveCfg = Debug|Any CPU
		{B0E576D6-4BC4-447E-8B2F-D2C8222E14C3}.Debug|Any CPU.Build.0 = Debug|Any CPU
		{B0E576D6-4BC4-447E-8B2F-D2C8222E14C3}.Release|Any CPU.ActiveCfg = Release|Any CPU
		{B0E576D6-4BC4-447E-8B2F-D2C8222E14C3}.Release|Any CPU.Build.0 = Release|Any CPU
	EndGlobalSection
	GlobalSection(SolutionProperties) = preSolution
		HideSolutionNode = FALSE
	EndGlobalSection
	GlobalSection(ExtensibilityGlobals) = postSolution
		SolutionGuid = {DC47A918-4CE9-408F-B7FF-A61F91E8DA98}
	EndGlobalSection
EndGlobal
